PODS:
  - Flutter (1.0.0)
  - integration_test (0.0.1):
    - Flutter
  - system_contact_picker (0.0.1):
    - Flutter

DEPENDENCIES:
  - Flutter (from `Flutter`)
  - integration_test (from `.symlinks/plugins/integration_test/ios`)
  - system_contact_picker (from `.symlinks/plugins/system_contact_picker/ios`)

EXTERNAL SOURCES:
  Flutter:
    :path: Flutter
  integration_test:
    :path: ".symlinks/plugins/integration_test/ios"
  system_contact_picker:
    :path: ".symlinks/plugins/system_contact_picker/ios"

SPEC CHECKSUMS:
  Flutter: cabc95a1d2626b1b06e7179b784ebcf0c0cde467
  integration_test: 4a889634ef21a45d28d50d622cf412dc6d9f586e
  system_contact_picker: 77c79d92cfbb970f31568c4aab4bdd1c2c0ff020

PODFILE CHECKSUM: 3c63482e143d1b91d2d2560aee9fb04ecc74ac7e

COCOAPODS: 1.16.2
